
Microsoft Visual Studio Solution File, Format Version 12.00
# Visual Studio 15
VisualStudioVersion = 15.0.28010.2016
MinimumVisualStudioVersion = 10.0.40219.1
Project("{8BC9CEB8-8B4A-11D0-8D11-00A0C91BC942}") = "hellol", "hellol\hellol.vcxproj", "{790B2403-8D15-4FA1-8644-FE7A52C60184}"
EndProject
Global
	GlobalSection(SolutionConfigurationPlatforms) = preSolution
		Debug|x64 = Debug|x64
		Debug|x86 = Debug|x86
		Release|x64 = Release|x64
		Release|x86 = Release|x86
	EndGlobalSection
	GlobalSection(ProjectConfigurationPlatforms) = postSolution
		{790B2403-8D15-4FA1-8644-FE7A52C60184}.Debug|x64.ActiveCfg = Debug|x64
		{790B2403-8D15-4FA1-8644-FE7A52C60184}.Debug|x64.Build.0 = Debug|x64
		{790B2403-8D15-4FA1-8644-FE7A52C60184}.Debug|x86.ActiveCfg = Debug|Win32
		{790B2403-8D15-4FA1-8644-FE7A52C60184}.Debug|x86.Build.0 = Debug|Win32
		{790B2403-8D15-4FA1-8644-FE7A52C60184}.Release|x64.ActiveCfg = Release|x64
		{790B2403-8D15-4FA1-8644-FE7A52C60184}.Release|x64.Build.0 = Release|x64
		{790B2403-8D15-4FA1-8644-FE7A52C60184}.Release|x86.ActiveCfg = Release|Win32
		{790B2403-8D15-4FA1-8644-FE7A52C60184}.Release|x86.Build.0 = Release|Win32
	EndGlobalSection
	GlobalSection(SolutionProperties) = preSolution
		HideSolutionNode = FALSE
	EndGlobalSection
	GlobalSection(ExtensibilityGlobals) = postSolution
		SolutionGuid = {CCB79B77-67DB-4F65-9A65-D6A1A7D736D7}
	EndGlobalSection
EndGlobal
